version = 1
requires-python = "==3.12.*"

[[package]]
name = "backoff"
version = "2.2.1"
source = { registry = "https://pypi.org/simple" }
sdist = { url = "https://files.pythonhosted.org/packages/47/d7/5bbeb12c44d7c4f2fb5b56abce497eb5ed9f34d85701de869acedd602619/backoff-2.2.1.tar.gz", hash = "sha256:03f829f5bb1923180821643f8753b0502c3b682293992485b0eef2807afa5cba", size = 17001 }
wheels = [
    { url = "https://files.pythonhosted.org/packages/df/73/b6e24bd22e6720ca8ee9a85a0c4a2971af8497d8f3193fa05390cbd46e09/backoff-2.2.1-py3-none-any.whl", hash = "sha256:63579f9a0628e06278f7e47b7d7d5b6ce20dc65c5e96a6f3ca99a6adca0396e8", size = 15148 },
]

[[package]]
name = "ciso8601"
version = "2.3.1"
source = { registry = "https://pypi.org/simple" }
sdist = { url = "https://files.pythonhosted.org/packages/ac/bc/cf42c1b0042f91c90a6b00244f63b6fb137af15e43e29f07bb72cf955be8/ciso8601-2.3.1.tar.gz", hash = "sha256:3212c7ffe5d8080270548b5f2692ffd2039683b6628a8d2ad456122cc5793c4c", size = 31225 }
wheels = [
    { url = "https://files.pythonhosted.org/packages/85/3d/f6496a260ba6e58135fb3dd1108799f6dd9cadf634372e020bfbf0d27fea/ciso8601-2.3.1-cp312-cp312-macosx_10_9_universal2.whl", hash = "sha256:f39bb5936debf21c52e5d52b89f26857c303da80c43a72883946096a6ef5e561", size = 24211 },
    { url = "https://files.pythonhosted.org/packages/c4/a9/24ffa848a5878a50009d6177826c36b60e2e8807e4d54ee94817e790897b/ciso8601-2.3.1-cp312-cp312-macosx_10_9_x86_64.whl", hash = "sha256:21cf83ca945bb26ecd95364ae2c9ed0276378e5fe35ce1b64d4c6d5b33038ea3", size = 15591 },
    { url = "https://files.pythonhosted.org/packages/ea/74/77fd6e67a2a3489a1ac449570142e2f4137289be25027e235d4688470d56/ciso8601-2.3.1-cp312-cp312-macosx_11_0_arm64.whl", hash = "sha256:013410263cba46748d2de29e9894341ae41223356cde7970478c32bd0984d10c", size = 15643 },
    { url = "https://files.pythonhosted.org/packages/5b/bd/fef5524974e3ba376e16df35e4197152edffdf7ac9d5d99bc173a9fcf256/ciso8601-2.3.1-cp312-cp312-manylinux_2_5_x86_64.manylinux1_x86_64.manylinux_2_17_x86_64.manylinux2014_x86_64.whl", hash = "sha256:b26935687ef1837b56997d8c61f1d789e698be58b261410e629eda9c89812141", size = 39805 },
    { url = "https://files.pythonhosted.org/packages/50/1c/d1cb5b2d2173abfc4d5a068981acddff763cce318e896ec87c140412c72d/ciso8601-2.3.1-cp312-cp312-musllinux_1_1_i686.whl", hash = "sha256:0d980a2a88030d4d8b2434623c250866a75b4979d289eba69bec445c51ace99f", size = 48335 },
    { url = "https://files.pythonhosted.org/packages/76/ef/5ef06ccb6f6c023573634119f93df237687e3f4263e2f307b51a7208d103/ciso8601-2.3.1-cp312-cp312-musllinux_1_1_x86_64.whl", hash = "sha256:87721de54e008fb1c4c3978553b05a9c417aa25b76ddf5702d6f7e8d9b109288", size = 49449 },
    { url = "https://files.pythonhosted.org/packages/e6/45/f981bbd51f1c9fa3d730c3fbcb74b1f8928463e6ea8283257f6b164847e6/ciso8601-2.3.1-cp312-cp312-win_amd64.whl", hash = "sha256:9f107a4c051e7c0416824279264d94f4ed3da0fbd82bd96ec3c3293426826de4", size = 17084 },
]

[[package]]
name = "jsonschema"
version = "2.6.0"
source = { registry = "https://pypi.org/simple" }
sdist = { url = "https://files.pythonhosted.org/packages/58/b9/171dbb07e18c6346090a37f03c7e74410a1a56123f847efed59af260a298/jsonschema-2.6.0.tar.gz", hash = "sha256:6ff5f3180870836cae40f06fa10419f557208175f13ad7bc26caa77beb1f6e02", size = 53252 }
wheels = [
    { url = "https://files.pythonhosted.org/packages/77/de/47e35a97b2b05c2fadbec67d44cfcdcd09b8086951b331d82de90d2912da/jsonschema-2.6.0-py2.py3-none-any.whl", hash = "sha256:000e68abd33c972a5248544925a0cae7d1125f9bf6c58280d37546b946769a08", size = 39524 },
]

[[package]]
name = "numpy"
version = "2.1.3"
source = { registry = "https://pypi.org/simple" }
sdist = { url = "https://files.pythonhosted.org/packages/25/ca/1166b75c21abd1da445b97bf1fa2f14f423c6cfb4fc7c4ef31dccf9f6a94/numpy-2.1.3.tar.gz", hash = "sha256:aa08e04e08aaf974d4458def539dece0d28146d866a39da5639596f4921fd761", size = 20166090 }
wheels = [
    { url = "https://files.pythonhosted.org/packages/8a/f0/385eb9970309643cbca4fc6eebc8bb16e560de129c91258dfaa18498da8b/numpy-2.1.3-cp312-cp312-macosx_10_13_x86_64.whl", hash = "sha256:f55ba01150f52b1027829b50d70ef1dafd9821ea82905b63936668403c3b471e", size = 20849658 },
    { url = "https://files.pythonhosted.org/packages/54/4a/765b4607f0fecbb239638d610d04ec0a0ded9b4951c56dc68cef79026abf/numpy-2.1.3-cp312-cp312-macosx_11_0_arm64.whl", hash = "sha256:13138eadd4f4da03074851a698ffa7e405f41a0845a6b1ad135b81596e4e9958", size = 13492258 },
    { url = "https://files.pythonhosted.org/packages/bd/a7/2332679479c70b68dccbf4a8eb9c9b5ee383164b161bee9284ac141fbd33/numpy-2.1.3-cp312-cp312-macosx_14_0_arm64.whl", hash = "sha256:a6b46587b14b888e95e4a24d7b13ae91fa22386c199ee7b418f449032b2fa3b8", size = 5090249 },
    { url = "https://files.pythonhosted.org/packages/c1/67/4aa00316b3b981a822c7a239d3a8135be2a6945d1fd11d0efb25d361711a/numpy-2.1.3-cp312-cp312-macosx_14_0_x86_64.whl", hash = "sha256:0fa14563cc46422e99daef53d725d0c326e99e468a9320a240affffe87852564", size = 6621704 },
    { url = "https://files.pythonhosted.org/packages/5e/da/1a429ae58b3b6c364eeec93bf044c532f2ff7b48a52e41050896cf15d5b1/numpy-2.1.3-cp312-cp312-manylinux_2_17_aarch64.manylinux2014_aarch64.whl", hash = "sha256:8637dcd2caa676e475503d1f8fdb327bc495554e10838019651b76d17b98e512", size = 13606089 },
    { url = "https://files.pythonhosted.org/packages/9e/3e/3757f304c704f2f0294a6b8340fcf2be244038be07da4cccf390fa678a9f/numpy-2.1.3-cp312-cp312-manylinux_2_17_x86_64.manylinux2014_x86_64.whl", hash = "sha256:2312b2aa89e1f43ecea6da6ea9a810d06aae08321609d8dc0d0eda6d946a541b", size = 16043185 },
    { url = "https://files.pythonhosted.org/packages/43/97/75329c28fea3113d00c8d2daf9bc5828d58d78ed661d8e05e234f86f0f6d/numpy-2.1.3-cp312-cp312-musllinux_1_1_x86_64.whl", hash = "sha256:a38c19106902bb19351b83802531fea19dee18e5b37b36454f27f11ff956f7fc", size = 16410751 },
    { url = "https://files.pythonhosted.org/packages/ad/7a/442965e98b34e0ae9da319f075b387bcb9a1e0658276cc63adb8c9686f7b/numpy-2.1.3-cp312-cp312-musllinux_1_2_aarch64.whl", hash = "sha256:02135ade8b8a84011cbb67dc44e07c58f28575cf9ecf8ab304e51c05528c19f0", size = 14082705 },
    { url = "https://files.pythonhosted.org/packages/ac/b6/26108cf2cfa5c7e03fb969b595c93131eab4a399762b51ce9ebec2332e80/numpy-2.1.3-cp312-cp312-win32.whl", hash = "sha256:e6988e90fcf617da2b5c78902fe8e668361b43b4fe26dbf2d7b0f8034d4cafb9", size = 6239077 },
    { url = "https://files.pythonhosted.org/packages/a6/84/fa11dad3404b7634aaab50733581ce11e5350383311ea7a7010f464c0170/numpy-2.1.3-cp312-cp312-win_amd64.whl", hash = "sha256:0d30c543f02e84e92c4b1f415b7c6b5326cbe45ee7882b6b77db7195fb971e3a", size = 12566858 },
]

[[package]]
name = "pandas"
version = "2.2.3"
source = { registry = "https://pypi.org/simple" }
dependencies = [
    { name = "numpy" },
    { name = "python-dateutil" },
    { name = "pytz" },
    { name = "tzdata" },
]
sdist = { url = "https://files.pythonhosted.org/packages/9c/d6/9f8431bacc2e19dca897724cd097b1bb224a6ad5433784a44b587c7c13af/pandas-2.2.3.tar.gz", hash = "sha256:4f18ba62b61d7e192368b84517265a99b4d7ee8912f8708660fb4a366cc82667", size = 4399213 }
wheels = [
    { url = "https://files.pythonhosted.org/packages/17/a3/fb2734118db0af37ea7433f57f722c0a56687e14b14690edff0cdb4b7e58/pandas-2.2.3-cp312-cp312-macosx_10_9_x86_64.whl", hash = "sha256:b1d432e8d08679a40e2a6d8b2f9770a5c21793a6f9f47fdd52c5ce1948a5a8a9", size = 12529893 },
    { url = "https://files.pythonhosted.org/packages/e1/0c/ad295fd74bfac85358fd579e271cded3ac969de81f62dd0142c426b9da91/pandas-2.2.3-cp312-cp312-macosx_11_0_arm64.whl", hash = "sha256:a5a1595fe639f5988ba6a8e5bc9649af3baf26df3998a0abe56c02609392e0a4", size = 11363475 },
    { url = "https://files.pythonhosted.org/packages/c6/2a/4bba3f03f7d07207481fed47f5b35f556c7441acddc368ec43d6643c5777/pandas-2.2.3-cp312-cp312-manylinux2014_aarch64.manylinux_2_17_aarch64.whl", hash = "sha256:5de54125a92bb4d1c051c0659e6fcb75256bf799a732a87184e5ea503965bce3", size = 15188645 },
    { url = "https://files.pythonhosted.org/packages/38/f8/d8fddee9ed0d0c0f4a2132c1dfcf0e3e53265055da8df952a53e7eaf178c/pandas-2.2.3-cp312-cp312-manylinux_2_17_x86_64.manylinux2014_x86_64.whl", hash = "sha256:fffb8ae78d8af97f849404f21411c95062db1496aeb3e56f146f0355c9989319", size = 12739445 },
    { url = "https://files.pythonhosted.org/packages/20/e8/45a05d9c39d2cea61ab175dbe6a2de1d05b679e8de2011da4ee190d7e748/pandas-2.2.3-cp312-cp312-musllinux_1_2_aarch64.whl", hash = "sha256:6dfcb5ee8d4d50c06a51c2fffa6cff6272098ad6540aed1a76d15fb9318194d8", size = 16359235 },
    { url = "https://files.pythonhosted.org/packages/1d/99/617d07a6a5e429ff90c90da64d428516605a1ec7d7bea494235e1c3882de/pandas-2.2.3-cp312-cp312-musllinux_1_2_x86_64.whl", hash = "sha256:062309c1b9ea12a50e8ce661145c6aab431b1e99530d3cd60640e255778bd43a", size = 14056756 },
    { url = "https://files.pythonhosted.org/packages/29/d4/1244ab8edf173a10fd601f7e13b9566c1b525c4f365d6bee918e68381889/pandas-2.2.3-cp312-cp312-win_amd64.whl", hash = "sha256:59ef3764d0fe818125a5097d2ae867ca3fa64df032331b7e0917cf5d7bf66b13", size = 11504248 },
]

[[package]]
name = "python-dateutil"
version = "2.9.0.post0"
source = { registry = "https://pypi.org/simple" }
dependencies = [
    { name = "six" },
]
sdist = { url = "https://files.pythonhosted.org/packages/66/c0/0c8b6ad9f17a802ee498c46e004a0eb49bc148f2fd230864601a86dcf6db/python-dateutil-2.9.0.post0.tar.gz", hash = "sha256:37dd54208da7e1cd875388217d5e00ebd4179249f90fb72437e91a35459a0ad3", size = 342432 }
wheels = [
    { url = "https://files.pythonhosted.org/packages/ec/57/56b9bcc3c9c6a792fcbaf139543cee77261f3651ca9da0c93f5c1221264b/python_dateutil-2.9.0.post0-py2.py3-none-any.whl", hash = "sha256:a8b2bc7bffae282281c8140a97d3aa9c14da0b136dfe83f850eea9a5f7470427", size = 229892 },
]

[[package]]
name = "pytz"
version = "2024.2"
source = { registry = "https://pypi.org/simple" }
sdist = { url = "https://files.pythonhosted.org/packages/3a/31/3c70bf7603cc2dca0f19bdc53b4537a797747a58875b552c8c413d963a3f/pytz-2024.2.tar.gz", hash = "sha256:2aa355083c50a0f93fa581709deac0c9ad65cca8a9e9beac660adcbd493c798a", size = 319692 }
wheels = [
    { url = "https://files.pythonhosted.org/packages/11/c3/005fcca25ce078d2cc29fd559379817424e94885510568bc1bc53d7d5846/pytz-2024.2-py2.py3-none-any.whl", hash = "sha256:31c7c1817eb7fae7ca4b8c7ee50c72f93aa2dd863de768e1ef4245d426aa0725", size = 508002 },
]

[[package]]
name = "simplejson"
version = "3.19.3"
source = { registry = "https://pypi.org/simple" }
sdist = { url = "https://files.pythonhosted.org/packages/3d/29/085111f19717f865eceaf0d4397bf3e76b08d60428b076b64e2a1903706d/simplejson-3.19.3.tar.gz", hash = "sha256:8e086896c36210ab6050f2f9f095a5f1e03c83fa0e7f296d6cba425411364680", size = 85237 }
wheels = [
    { url = "https://files.pythonhosted.org/packages/20/15/513fea93fafbdd4993eacfcb762965b2ff3d29e618c029e2956174d68c4b/simplejson-3.19.3-cp312-cp312-macosx_10_9_universal2.whl", hash = "sha256:66a0399e21c2112acacfebf3d832ebe2884f823b1c7e6d1363f2944f1db31a99", size = 92921 },
    { url = "https://files.pythonhosted.org/packages/a4/4f/998a907ae1a6c104dc0ee48aa248c2478490152808d34d8e07af57f396c3/simplejson-3.19.3-cp312-cp312-macosx_10_9_x86_64.whl", hash = "sha256:6ef9383c5e05f445be60f1735c1816163c874c0b1ede8bb4390aff2ced34f333", size = 75311 },
    { url = "https://files.pythonhosted.org/packages/db/44/acd6122201e927451869d45952b9ab1d3025cdb5e61548d286d08fbccc08/simplejson-3.19.3-cp312-cp312-macosx_11_0_arm64.whl", hash = "sha256:42e5acf80d4d971238d4df97811286a044d720693092b20a56d5e56b7dcc5d09", size = 74964 },
    { url = "https://files.pythonhosted.org/packages/27/ca/d0a1e8f16e1bbdc0b8c6d88166f45f565ed7285f53928cfef3b6ce78f14d/simplejson-3.19.3-cp312-cp312-manylinux_2_17_aarch64.manylinux2014_aarch64.whl", hash = "sha256:d0b0efc7279d768db7c74d3d07f0b5c81280d16ae3fb14e9081dc903e8360771", size = 150106 },
    { url = "https://files.pythonhosted.org/packages/63/59/0554b78cf26c98e2b9cae3f44723bd72c2394e2afec1a14eedc6211f7187/simplejson-3.19.3-cp312-cp312-manylinux_2_17_ppc64le.manylinux2014_ppc64le.whl", hash = "sha256:0552eb06e7234da892e1d02365cd2b7b2b1f8233aa5aabdb2981587b7cc92ea0", size = 158347 },
    { url = "https://files.pythonhosted.org/packages/b2/fe/9f30890352e431e8508cc569912d3322147d3e7e4f321e48c0adfcb4c97d/simplejson-3.19.3-cp312-cp312-manylinux_2_5_i686.manylinux1_i686.manylinux_2_17_i686.manylinux2014_i686.whl", hash = "sha256:5bf6a3b9a7d7191471b464fe38f684df10eb491ec9ea454003edb45a011ab187", size = 148456 },
    { url = "https://files.pythonhosted.org/packages/37/e3/663a09542ee021d4131162f7a164cb2e7f04ef48433a67591738afbf12ea/simplejson-3.19.3-cp312-cp312-manylinux_2_5_x86_64.manylinux1_x86_64.manylinux_2_17_x86_64.manylinux2014_x86_64.whl", hash = "sha256:7017329ca8d4dca94ad5e59f496e5fc77630aecfc39df381ffc1d37fb6b25832", size = 152190 },
    { url = "https://files.pythonhosted.org/packages/31/20/4e0c4d35e10ff6465003bec304316d822a559a1c38c66ef6892ca199c207/simplejson-3.19.3-cp312-cp312-musllinux_1_2_aarch64.whl", hash = "sha256:67a20641afebf4cfbcff50061f07daad1eace6e7b31d7622b6fa2c40d43900ba", size = 149846 },
    { url = "https://files.pythonhosted.org/packages/08/7a/46e2e072cac3987cbb05946f25167f0ad2fe536748e7405953fd6661a486/simplejson-3.19.3-cp312-cp312-musllinux_1_2_i686.whl", hash = "sha256:dd6a7dabcc4c32daf601bc45e01b79175dde4b52548becea4f9545b0a4428169", size = 151714 },
    { url = "https://files.pythonhosted.org/packages/7f/7d/dbeeac10eb61d5d8858d0bb51121a21050d281dc83af4c557f86da28746c/simplejson-3.19.3-cp312-cp312-musllinux_1_2_ppc64le.whl", hash = "sha256:08f9b443a94e72dd02c87098c96886d35790e79e46b24e67accafbf13b73d43b", size = 158777 },
    { url = "https://files.pythonhosted.org/packages/fc/8f/a98bdbb799c6a4a884b5823db31785a96ba895b4b0f4d8ac345d6fe98bbf/simplejson-3.19.3-cp312-cp312-musllinux_1_2_x86_64.whl", hash = "sha256:fa97278ae6614346b5ca41a45a911f37a3261b57dbe4a00602048652c862c28b", size = 154230 },
    { url = "https://files.pythonhosted.org/packages/b1/db/852eebceb85f969ae40e06babed1a93d3bacb536f187d7a80ff5823a5979/simplejson-3.19.3-cp312-cp312-win32.whl", hash = "sha256:ef28c3b328d29b5e2756903aed888960bc5df39b4c2eab157ae212f70ed5bf74", size = 74002 },
    { url = "https://files.pythonhosted.org/packages/fe/68/9f0e5df0651cb79ef83cba1378765a00ee8038e6201cc82b8e7178a7778e/simplejson-3.19.3-cp312-cp312-win_amd64.whl", hash = "sha256:1e662336db50ad665777e6548b5076329a94a0c3d4a0472971c588b3ef27de3a", size = 75596 },
    { url = "https://files.pythonhosted.org/packages/0d/e7/f9fafbd4f39793a20cc52e77bbd766f7384312526d402c382928dc7667f6/simplejson-3.19.3-py3-none-any.whl", hash = "sha256:49cc4c7b940d43bd12bf87ec63f28cbc4964fc4e12c031cc8cd01650f43eb94e", size = 57004 },
]

[[package]]
name = "singer-python"
version = "6.1.0"
source = { registry = "https://pypi.org/simple" }
dependencies = [
    { name = "backoff" },
    { name = "ciso8601" },
    { name = "jsonschema" },
    { name = "python-dateutil" },
    { name = "pytz" },
    { name = "simplejson" },
]
sdist = { url = "https://files.pythonhosted.org/packages/4e/4a/5352c8d5566203d1155d195f34539675567047cae4fd7be499c0691fc48d/singer-python-6.1.0.tar.gz", hash = "sha256:5d9bacf7033fe0bff72b343ad4f76ffa2ef5a6dcf13acca369a9950b0286223a", size = 31280 }

[[package]]
name = "six"
version = "1.16.0"
source = { registry = "https://pypi.org/simple" }
sdist = { url = "https://files.pythonhosted.org/packages/71/39/171f1c67cd00715f190ba0b100d606d440a28c93c7714febeca8b79af85e/six-1.16.0.tar.gz", hash = "sha256:1e61c37477a1626458e36f7b1d82aa5c9b094fa4802892072e49de9c60c4c926", size = 34041 }
wheels = [
    { url = "https://files.pythonhosted.org/packages/d9/5a/e7c31adbe875f2abbb91bd84cf2dc52d792b5a01506781dbcf25c91daf11/six-1.16.0-py2.py3-none-any.whl", hash = "sha256:8abb2f1d86890a2dfb989f9a77cfcfd3e47c2a354b01111771326f8aa26e0254", size = 11053 },
]

[[package]]
name = "tap-spacex"
version = "0.1.0"
source = { virtual = "." }
dependencies = [
    { name = "pandas" },
    { name = "singer-python" },
]

[package.metadata]
requires-dist = [
    { name = "pandas", specifier = ">=2.2.3" },
    { name = "singer-python", specifier = ">=6.1.0" },
]

[[package]]
name = "tzdata"
version = "2024.2"
source = { registry = "https://pypi.org/simple" }
sdist = { url = "https://files.pythonhosted.org/packages/e1/34/943888654477a574a86a98e9896bae89c7aa15078ec29f490fef2f1e5384/tzdata-2024.2.tar.gz", hash = "sha256:7d85cc416e9382e69095b7bdf4afd9e3880418a2413feec7069d533d6b4e31cc", size = 193282 }
wheels = [
    { url = "https://files.pythonhosted.org/packages/a6/ab/7e5f53c3b9d14972843a647d8d7a853969a58aecc7559cb3267302c94774/tzdata-2024.2-py2.py3-none-any.whl", hash = "sha256:a48093786cdcde33cad18c2555e8532f34422074448fbc874186f0abd79565cd", size = 346586 },
]
